
Microsoft Visual Studio Solution File, Format Version 12.00
# Visual Studio Version 17
VisualStudioVersion = 17.0.31903.59
MinimumVisualStudioVersion = 10.0.40219.1
Project("{2150E333-8FDC-42A3-9474-1A3956D46DE8}") = "Example01", "Example01", "{519CEA0E-94DF-4E48-B1B9-1B78DBA2FF29}"
EndProject
Project("{9A19103F-16F7-4668-BE54-9A1E7A4F7556}") = "Example01.App", "src\Example01\Example01.App\Example01.App.csproj", "{C1F16902-D4D7-4E34-9585-4041ED403A3A}"
EndProject
Project("{9A19103F-16F7-4668-BE54-9A1E7A4F7556}") = "Example01.Core", "src\Example01\Example01.Core\Example01.Core.csproj", "{E0F648AD-2F23-47A3-BF0A-A31C1F889244}"
EndProject
Project("{9A19103F-16F7-4668-BE54-9A1E7A4F7556}") = "Example01.Plugin.Teams", "src\Example01\Example01.Plugin.Teams\Example01.Plugin.Teams.csproj", "{FA311EFA-A5D9-428F-8A80-51A7027C4ADF}"
EndProject
Project("{9A19103F-16F7-4668-BE54-9A1E7A4F7556}") = "Example01.Plugin.Slack", "src\Example01\Example01.Plugin.Slack\Example01.Plugin.Slack.csproj", "{4D3C6007-EDFD-47FE-AB73-6DA05A81DBCC}"
EndProject
Project("{2150E333-8FDC-42A3-9474-1A3956D46DE8}") = "Example02", "Example02", "{9DF31BA0-E4CE-470A-85B7-87A4E20707D3}"
EndProject
Project("{9A19103F-16F7-4668-BE54-9A1E7A4F7556}") = "Example02.App", "src\Example02\Example02.App\Example02.App.csproj", "{9D03B323-D378-437B-8BCB-4F97240CF4BF}"
EndProject
Project("{9A19103F-16F7-4668-BE54-9A1E7A4F7556}") = "Example02.Core", "src\Example02\Example02.Core\Example02.Core.csproj", "{898B773E-E86A-4B1D-8E1D-202F1603F92B}"
EndProject
Project("{9A19103F-16F7-4668-BE54-9A1E7A4F7556}") = "Example02.Plugin.Slack", "src\Example02\Example02.Plugin.Slack\Example02.Plugin.Slack.csproj", "{61BBCBBE-2D39-4308-9368-4C04C88AA22C}"
EndProject
Project("{9A19103F-16F7-4668-BE54-9A1E7A4F7556}") = "Example02.Plugin.Teams", "src\Example02\Example02.Plugin.Teams\Example02.Plugin.Teams.csproj", "{47C09951-B6B0-48CD-92A6-7F9238A4800B}"
EndProject
Project("{2150E333-8FDC-42A3-9474-1A3956D46DE8}") = "Example03", "Example03", "{D35A7AF1-3B8D-45BB-96C9-A2C570A568F3}"
EndProject
Project("{9A19103F-16F7-4668-BE54-9A1E7A4F7556}") = "Example03.App", "src\Example03\Example03.App\Example03.App.csproj", "{BD2E33EB-D520-4767-AA63-E04D427C82F2}"
EndProject
Project("{9A19103F-16F7-4668-BE54-9A1E7A4F7556}") = "Example03.Core", "src\Example03\Example03.Core\Example03.Core.csproj", "{3E6926B7-E6C7-457A-9339-9ACEF6C4C8EE}"
EndProject
Project("{9A19103F-16F7-4668-BE54-9A1E7A4F7556}") = "Example03.Plugin.Slack", "src\Example03\Example03.Plugin.Slack\Example03.Plugin.Slack.csproj", "{D33C62D9-FE58-4A59-94C9-DBB361016219}"
EndProject
Project("{9A19103F-16F7-4668-BE54-9A1E7A4F7556}") = "Example03.Plugin.Teams", "src\Example03\Example03.Plugin.Teams\Example03.Plugin.Teams.csproj", "{0A10701A-E04F-4F1A-9EC0-A38A21FD8673}"
EndProject
Project("{2150E333-8FDC-42A3-9474-1A3956D46DE8}") = "Solution Items", "Solution Items", "{E5824FB8-9B16-4DB9-92C8-685E02A1CDA5}"
	ProjectSection(SolutionItems) = preProject
		README.md = README.md
		.github\workflows\ci.yml = .github\workflows\ci.yml
	EndProjectSection
EndProject
Project("{2150E333-8FDC-42A3-9474-1A3956D46DE8}") = "Example04", "Example04", "{D4352BB2-1417-4E8D-B1C3-89461B0FED9F}"
EndProject
Project("{FAE04EC0-301F-11D3-BF4B-00C04F79EFBC}") = "Example04.App", "src\Example04\Example04.App\Example04.App.csproj", "{7D17375E-8C3B-4636-ABF2-8B6583A47501}"
EndProject
Project("{FAE04EC0-301F-11D3-BF4B-00C04F79EFBC}") = "Example04.Core", "src\Example04\Example04.Core\Example04.Core.csproj", "{3E0532D0-9DC3-4872-80BE-54888E569A13}"
EndProject
Project("{FAE04EC0-301F-11D3-BF4B-00C04F79EFBC}") = "Example04.Plugin.Slack", "src\Example04\Example04.Plugin.Slack\Example04.Plugin.Slack.csproj", "{A1854573-3314-404F-AC71-DA29CF13E25A}"
EndProject
Project("{FAE04EC0-301F-11D3-BF4B-00C04F79EFBC}") = "Example04.Plugin.Teams", "src\Example04\Example04.Plugin.Teams\Example04.Plugin.Teams.csproj", "{7DFFF413-39CF-4A55-B798-846E34753572}"
EndProject
Global
	GlobalSection(SolutionConfigurationPlatforms) = preSolution
		Debug|Any CPU = Debug|Any CPU
		Release|Any CPU = Release|Any CPU
	EndGlobalSection
	GlobalSection(ProjectConfigurationPlatforms) = postSolution
		{C1F16902-D4D7-4E34-9585-4041ED403A3A}.Debug|Any CPU.ActiveCfg = Debug|Any CPU
		{C1F16902-D4D7-4E34-9585-4041ED403A3A}.Debug|Any CPU.Build.0 = Debug|Any CPU
		{C1F16902-D4D7-4E34-9585-4041ED403A3A}.Release|Any CPU.ActiveCfg = Release|Any CPU
		{C1F16902-D4D7-4E34-9585-4041ED403A3A}.Release|Any CPU.Build.0 = Release|Any CPU
		{E0F648AD-2F23-47A3-BF0A-A31C1F889244}.Debug|Any CPU.ActiveCfg = Debug|Any CPU
		{E0F648AD-2F23-47A3-BF0A-A31C1F889244}.Debug|Any CPU.Build.0 = Debug|Any CPU
		{E0F648AD-2F23-47A3-BF0A-A31C1F889244}.Release|Any CPU.ActiveCfg = Release|Any CPU
		{E0F648AD-2F23-47A3-BF0A-A31C1F889244}.Release|Any CPU.Build.0 = Release|Any CPU
		{FA311EFA-A5D9-428F-8A80-51A7027C4ADF}.Debug|Any CPU.ActiveCfg = Debug|Any CPU
		{FA311EFA-A5D9-428F-8A80-51A7027C4ADF}.Debug|Any CPU.Build.0 = Debug|Any CPU
		{FA311EFA-A5D9-428F-8A80-51A7027C4ADF}.Release|Any CPU.ActiveCfg = Release|Any CPU
		{FA311EFA-A5D9-428F-8A80-51A7027C4ADF}.Release|Any CPU.Build.0 = Release|Any CPU
		{4D3C6007-EDFD-47FE-AB73-6DA05A81DBCC}.Debug|Any CPU.ActiveCfg = Debug|Any CPU
		{4D3C6007-EDFD-47FE-AB73-6DA05A81DBCC}.Debug|Any CPU.Build.0 = Debug|Any CPU
		{4D3C6007-EDFD-47FE-AB73-6DA05A81DBCC}.Release|Any CPU.ActiveCfg = Release|Any CPU
		{4D3C6007-EDFD-47FE-AB73-6DA05A81DBCC}.Release|Any CPU.Build.0 = Release|Any CPU
		{9D03B323-D378-437B-8BCB-4F97240CF4BF}.Debug|Any CPU.ActiveCfg = Debug|Any CPU
		{9D03B323-D378-437B-8BCB-4F97240CF4BF}.Debug|Any CPU.Build.0 = Debug|Any CPU
		{9D03B323-D378-437B-8BCB-4F97240CF4BF}.Release|Any CPU.ActiveCfg = Release|Any CPU
		{9D03B323-D378-437B-8BCB-4F97240CF4BF}.Release|Any CPU.Build.0 = Release|Any CPU
		{898B773E-E86A-4B1D-8E1D-202F1603F92B}.Debug|Any CPU.ActiveCfg = Debug|Any CPU
		{898B773E-E86A-4B1D-8E1D-202F1603F92B}.Debug|Any CPU.Build.0 = Debug|Any CPU
		{898B773E-E86A-4B1D-8E1D-202F1603F92B}.Release|Any CPU.ActiveCfg = Release|Any CPU
		{898B773E-E86A-4B1D-8E1D-202F1603F92B}.Release|Any CPU.Build.0 = Release|Any CPU
		{61BBCBBE-2D39-4308-9368-4C04C88AA22C}.Debug|Any CPU.ActiveCfg = Debug|Any CPU
		{61BBCBBE-2D39-4308-9368-4C04C88AA22C}.Debug|Any CPU.Build.0 = Debug|Any CPU
		{61BBCBBE-2D39-4308-9368-4C04C88AA22C}.Release|Any CPU.ActiveCfg = Release|Any CPU
		{61BBCBBE-2D39-4308-9368-4C04C88AA22C}.Release|Any CPU.Build.0 = Release|Any CPU
		{47C09951-B6B0-48CD-92A6-7F9238A4800B}.Debug|Any CPU.ActiveCfg = Debug|Any CPU
		{47C09951-B6B0-48CD-92A6-7F9238A4800B}.Debug|Any CPU.Build.0 = Debug|Any CPU
		{47C09951-B6B0-48CD-92A6-7F9238A4800B}.Release|Any CPU.ActiveCfg = Release|Any CPU
		{47C09951-B6B0-48CD-92A6-7F9238A4800B}.Release|Any CPU.Build.0 = Release|Any CPU
		{BD2E33EB-D520-4767-AA63-E04D427C82F2}.Debug|Any CPU.ActiveCfg = Debug|Any CPU
		{BD2E33EB-D520-4767-AA63-E04D427C82F2}.Debug|Any CPU.Build.0 = Debug|Any CPU
		{BD2E33EB-D520-4767-AA63-E04D427C82F2}.Release|Any CPU.ActiveCfg = Release|Any CPU
		{BD2E33EB-D520-4767-AA63-E04D427C82F2}.Release|Any CPU.Build.0 = Release|Any CPU
		{3E6926B7-E6C7-457A-9339-9ACEF6C4C8EE}.Debug|Any CPU.ActiveCfg = Debug|Any CPU
		{3E6926B7-E6C7-457A-9339-9ACEF6C4C8EE}.Debug|Any CPU.Build.0 = Debug|Any CPU
		{3E6926B7-E6C7-457A-9339-9ACEF6C4C8EE}.Release|Any CPU.ActiveCfg = Release|Any CPU
		{3E6926B7-E6C7-457A-9339-9ACEF6C4C8EE}.Release|Any CPU.Build.0 = Release|Any CPU
		{D33C62D9-FE58-4A59-94C9-DBB361016219}.Debug|Any CPU.ActiveCfg = Debug|Any CPU
		{D33C62D9-FE58-4A59-94C9-DBB361016219}.Debug|Any CPU.Build.0 = Debug|Any CPU
		{D33C62D9-FE58-4A59-94C9-DBB361016219}.Release|Any CPU.ActiveCfg = Release|Any CPU
		{D33C62D9-FE58-4A59-94C9-DBB361016219}.Release|Any CPU.Build.0 = Release|Any CPU
		{0A10701A-E04F-4F1A-9EC0-A38A21FD8673}.Debug|Any CPU.ActiveCfg = Debug|Any CPU
		{0A10701A-E04F-4F1A-9EC0-A38A21FD8673}.Debug|Any CPU.Build.0 = Debug|Any CPU
		{0A10701A-E04F-4F1A-9EC0-A38A21FD8673}.Release|Any CPU.ActiveCfg = Release|Any CPU
		{0A10701A-E04F-4F1A-9EC0-A38A21FD8673}.Release|Any CPU.Build.0 = Release|Any CPU
		{7D17375E-8C3B-4636-ABF2-8B6583A47501}.Debug|Any CPU.ActiveCfg = Debug|Any CPU
		{7D17375E-8C3B-4636-ABF2-8B6583A47501}.Debug|Any CPU.Build.0 = Debug|Any CPU
		{7D17375E-8C3B-4636-ABF2-8B6583A47501}.Release|Any CPU.ActiveCfg = Release|Any CPU
		{7D17375E-8C3B-4636-ABF2-8B6583A47501}.Release|Any CPU.Build.0 = Release|Any CPU
		{3E0532D0-9DC3-4872-80BE-54888E569A13}.Debug|Any CPU.ActiveCfg = Debug|Any CPU
		{3E0532D0-9DC3-4872-80BE-54888E569A13}.Debug|Any CPU.Build.0 = Debug|Any CPU
		{3E0532D0-9DC3-4872-80BE-54888E569A13}.Release|Any CPU.ActiveCfg = Release|Any CPU
		{3E0532D0-9DC3-4872-80BE-54888E569A13}.Release|Any CPU.Build.0 = Release|Any CPU
		{A1854573-3314-404F-AC71-DA29CF13E25A}.Debug|Any CPU.ActiveCfg = Debug|Any CPU
		{A1854573-3314-404F-AC71-DA29CF13E25A}.Debug|Any CPU.Build.0 = Debug|Any CPU
		{A1854573-3314-404F-AC71-DA29CF13E25A}.Release|Any CPU.ActiveCfg = Release|Any CPU
		{A1854573-3314-404F-AC71-DA29CF13E25A}.Release|Any CPU.Build.0 = Release|Any CPU
		{7DFFF413-39CF-4A55-B798-846E34753572}.Debug|Any CPU.ActiveCfg = Debug|Any CPU
		{7DFFF413-39CF-4A55-B798-846E34753572}.Debug|Any CPU.Build.0 = Debug|Any CPU
		{7DFFF413-39CF-4A55-B798-846E34753572}.Release|Any CPU.ActiveCfg = Release|Any CPU
		{7DFFF413-39CF-4A55-B798-846E34753572}.Release|Any CPU.Build.0 = Release|Any CPU
	EndGlobalSection
	GlobalSection(SolutionProperties) = preSolution
		HideSolutionNode = FALSE
	EndGlobalSection
	GlobalSection(NestedProjects) = preSolution
		{C1F16902-D4D7-4E34-9585-4041ED403A3A} = {519CEA0E-94DF-4E48-B1B9-1B78DBA2FF29}
		{E0F648AD-2F23-47A3-BF0A-A31C1F889244} = {519CEA0E-94DF-4E48-B1B9-1B78DBA2FF29}
		{FA311EFA-A5D9-428F-8A80-51A7027C4ADF} = {519CEA0E-94DF-4E48-B1B9-1B78DBA2FF29}
		{4D3C6007-EDFD-47FE-AB73-6DA05A81DBCC} = {519CEA0E-94DF-4E48-B1B9-1B78DBA2FF29}
		{9D03B323-D378-437B-8BCB-4F97240CF4BF} = {9DF31BA0-E4CE-470A-85B7-87A4E20707D3}
		{898B773E-E86A-4B1D-8E1D-202F1603F92B} = {9DF31BA0-E4CE-470A-85B7-87A4E20707D3}
		{61BBCBBE-2D39-4308-9368-4C04C88AA22C} = {9DF31BA0-E4CE-470A-85B7-87A4E20707D3}
		{47C09951-B6B0-48CD-92A6-7F9238A4800B} = {9DF31BA0-E4CE-470A-85B7-87A4E20707D3}
		{BD2E33EB-D520-4767-AA63-E04D427C82F2} = {D35A7AF1-3B8D-45BB-96C9-A2C570A568F3}
		{3E6926B7-E6C7-457A-9339-9ACEF6C4C8EE} = {D35A7AF1-3B8D-45BB-96C9-A2C570A568F3}
		{D33C62D9-FE58-4A59-94C9-DBB361016219} = {D35A7AF1-3B8D-45BB-96C9-A2C570A568F3}
		{0A10701A-E04F-4F1A-9EC0-A38A21FD8673} = {D35A7AF1-3B8D-45BB-96C9-A2C570A568F3}
		{7D17375E-8C3B-4636-ABF2-8B6583A47501} = {D4352BB2-1417-4E8D-B1C3-89461B0FED9F}
		{3E0532D0-9DC3-4872-80BE-54888E569A13} = {D4352BB2-1417-4E8D-B1C3-89461B0FED9F}
		{A1854573-3314-404F-AC71-DA29CF13E25A} = {D4352BB2-1417-4E8D-B1C3-89461B0FED9F}
		{7DFFF413-39CF-4A55-B798-846E34753572} = {D4352BB2-1417-4E8D-B1C3-89461B0FED9F}
	EndGlobalSection
EndGlobal
